{
  "name": "EHULOCK",
  "lockfileVersion": 3,
  "requires": true,
  "packages": {
    "": {
      "dependencies": {
        "pathfinder": "^0.3.0-1"
      }
    },
    "node_modules/acorn": {
      "version": "7.4.1",
      "resolved": "https://registry.npmjs.org/acorn/-/acorn-7.4.1.tgz",
      "integrity": "sha512-nQyp0o1/mNdbTO1PO6kHkwSrmgZ0MT/jCCpNiwbUjGoRN4dlBhqJtoQuCnEOKzgTVwg0ZWiCoQy6SxMebQVh8A==",
      "license": "MIT",
      "bin": {
        "acorn": "bin/acorn"
      },
      "engines": {
        "node": ">=0.4.0"
      }
    },
    "node_modules/acorn-node": {
      "version": "1.8.2",
      "resolved": "https://registry.npmjs.org/acorn-node/-/acorn-node-1.8.2.tgz",
      "integrity": "sha512-8mt+fslDufLYntIoPAaIMUe/lrbrehIiwmR3t2k9LljIzoigEPF27eLk2hy8zSGzmR/ogr7zbRKINMo1u0yh5A==",
      "license": "Apache-2.0",
      "dependencies": {
        "acorn": "^7.0.0",
        "acorn-walk": "^7.0.0",
        "xtend": "^4.0.2"
      }
    },
    "node_modules/acorn-walk": {
      "version": "7.2.0",
      "resolved": "https://registry.npmjs.org/acorn-walk/-/acorn-walk-7.2.0.tgz",
      "integrity": "sha512-OPdCF6GsMIP+Az+aWfAAOEt2/+iVDKE7oy6lJ098aoe59oAmK76qV6Gw60SbZ8jHuG2wH058GF4pLFbYamYrVA==",
      "license": "MIT",
      "engines": {
        "node": ">=0.4.0"
      }
    },
    "node_modules/async": {
      "version": "3.2.6",
      "resolved": "https://registry.npmjs.org/async/-/async-3.2.6.tgz",
      "integrity": "sha512-htCUDlxyyCLMgaM3xXg0C0LW2xqfuQ6p05pCEIsXuyQ+a1koYKTuBMzRNwmybfLgvJDMd0r1LTn4+E0Ti6C2AA==",
      "license": "MIT"
    },
    "node_modules/defined": {
      "version": "1.0.1",
      "resolved": "https://registry.npmjs.org/defined/-/defined-1.0.1.tgz",
      "integrity": "sha512-hsBd2qSVCRE+5PmNdHt1uzyrFu5d3RwmFDKzyNZMFq/EwDNJF7Ee5+D5oEKF0hU6LhtoUF1macFvOe4AskQC1Q==",
      "license": "MIT",
      "funding": {
        "url": "https://github.com/sponsors/ljharb"
      }
    },
    "node_modules/detective": {
      "version": "5.2.1",
      "resolved": "https://registry.npmjs.org/detective/-/detective-5.2.1.tgz",
      "integrity": "sha512-v9XE1zRnz1wRtgurGu0Bs8uHKFSTdteYZNbIPFVhUZ39L/S79ppMpdmVOZAnoz1jfEFodc48n6MX483Xo3t1yw==",
      "license": "MIT",
      "dependencies": {
        "acorn-node": "^1.8.2",
        "defined": "^1.0.0",
        "minimist": "^1.2.6"
      },
      "bin": {
        "detective": "bin/detective.js"
      },
      "engines": {
        "node": ">=0.8.0"
      }
    },
    "node_modules/findit": {
      "version": "2.0.0",
      "resolved": "https://registry.npmjs.org/findit/-/findit-2.0.0.tgz",
      "integrity": "sha512-ENZS237/Hr8bjczn5eKuBohLgaD0JyUd0arxretR1f9RO46vZHA1b2y0VorgGV3WaOT3c+78P8h7v4JGJ1i/rg==",
      "license": "MIT"
    },
    "node_modules/mime": {
      "version": "4.0.6",
      "resolved": "https://registry.npmjs.org/mime/-/mime-4.0.6.tgz",
      "integrity": "sha512-4rGt7rvQHBbaSOF9POGkk1ocRP16Md1x36Xma8sz8h8/vfCUI2OtEIeCqe4Ofes853x4xDoPiFLIT47J5fI/7A==",
      "funding": [
        "https://github.com/sponsors/broofa"
      ],
      "license": "MIT",
      "bin": {
        "mime": "bin/cli.js"
      },
      "engines": {
        "node": ">=16"
      }
    },
    "node_modules/minimist": {
      "version": "1.2.8",
      "resolved": "https://registry.npmjs.org/minimist/-/minimist-1.2.8.tgz",
      "integrity": "sha512-2yyAR8qBkN3YuheJanUpWC5U3bb5osDywNB8RzDVlDwDHbocAJveqqj1u8+SVD7jkWT4yvsHCpWqqWqAxb0zCA==",
      "license": "MIT",
      "funding": {
        "url": "https://github.com/sponsors/ljharb"
      }
    },
    "node_modules/mint": {
      "version": "0.3.5",
      "resolved": "https://registry.npmjs.org/mint/-/mint-0.3.5.tgz",
      "integrity": "sha512-lasQK0V8t0i7Lwdn24M2i0T9rBctrltucR7PmK99jRuq7AySM738PghRoaEgCty0mlfXVPouBtJ2KdCG/cXYtQ==",
      "engines": {
        "node": ">= 0.4.0"
      }
    },
    "node_modules/mkdirp": {
      "version": "3.0.1",
      "resolved": "https://registry.npmjs.org/mkdirp/-/mkdirp-3.0.1.tgz",
      "integrity": "sha512-+NsyUUAZDmo6YVHzL/stxSu3t9YS1iljliy3BSDrXJ/dkn1KYdmtZODGGjLcc9XLgVVpH4KshHB8XmZgMhaBXg==",
      "license": "MIT",
      "bin": {
        "mkdirp": "dist/cjs/src/bin.js"
      },
      "engines": {
        "node": ">=10"
      },
      "funding": {
        "url": "https://github.com/sponsors/isaacs"
      }
    },
    "node_modules/pathfinder": {
      "version": "0.3.0-1",
      "resolved": "https://registry.npmjs.org/pathfinder/-/pathfinder-0.3.0-1.tgz",
      "integrity": "sha512-qtky7dOICvCRjf5y+Gjf01yoNZ1TPtM4u5j1TIeeulEsXsJuo6HLfKXyw0ObRJREoNTUm9+K1UQjn5Tk7rw5gA==",
      "dependencies": {
        "async": ">= 0.1.12",
        "detective": ">= 0.0.3",
        "findit": ">= 0.1.2",
        "mime": ">= 1.2.4",
        "mint": ">= 0.3.0",
        "mkdirp": ">= 0.1.0"
      },
      "engines": {
        "node": ">= 0.4.0"
      }
    },
    "node_modules/xtend": {
      "version": "4.0.2",
      "resolved": "https://registry.npmjs.org/xtend/-/xtend-4.0.2.tgz",
      "integrity": "sha512-LKYU1iAXJXUgAXn9URjiu+MWhyUXHsvfp7mcuYm9dSUKK0/CjtrUwFAxD82/mCWbtLsGjFIad0wIsod4zrTAEQ==",
      "license": "MIT",
      "engines": {
        "node": ">=0.4"
      }
    }
  }
}
